
Microsoft Visual Studio Solution File, Format Version 10.00
# Visual Studio 2008
Project("{6989167D-11E4-40FE-8C1A-2192A86A7E90}") = "sc_ddomt", "sc_ddomt\sc_ddomt.vfproj", "{9C94D66F-E395-4DB5-8899-A0D1C052B811}"
EndProject
Global
	GlobalSection(SolutionConfigurationPlatforms) = preSolution
		Debug|Win32 = Debug|Win32
		Release|Win32 = Release|Win32
	EndGlobalSection
	GlobalSection(ProjectConfigurationPlatforms) = postSolution
		{9C94D66F-E395-4DB5-8899-A0D1C052B811}.Debug|Win32.ActiveCfg = Debug|Win32
		{9C94D66F-E395-4DB5-8899-A0D1C052B811}.Debug|Win32.Build.0 = Debug|Win32
		{9C94D66F-E395-4DB5-8899-A0D1C052B811}.Release|Win32.ActiveCfg = Release|Win32
		{9C94D66F-E395-4DB5-8899-A0D1C052B811}.Release|Win32.Build.0 = Release|Win32
	EndGlobalSection
	GlobalSection(SolutionProperties) = preSolution
		HideSolutionNode = FALSE
	EndGlobalSection
EndGlobal
